// !$*UTF8*$!
{
	archiveVersion = 1;
	classes = {
	};
	objectVersion = 56;
	objects = {

/* Begin PBXBuildFile section */
		CAF305F92B99B7060086BC5C /* CupcakeCornerApp.swift in Sources */ = {isa = PBXBuildFile; fileRef = CAF305F82B99B7060086BC5C /* CupcakeCornerApp.swift */; };
		CAF305FB2B99B7060086BC5C /* ContentView.swift in Sources */ = {isa = PBXBuildFile; fileRef = CAF305FA2B99B7060086BC5C /* ContentView.swift */; };
		CAF305FD2B99B7090086BC5C /* Assets.xcassets in Resources */ = {isa = PBXBuildFile; fileRef = CAF305FC2B99B7090086BC5C /* Assets.xcassets */; };
		CAF306002B99B7090086BC5C /* Preview Assets.xcassets in Resources */ = {isa = PBXBuildFile; fileRef = CAF305FF2B99B7090086BC5C /* Preview Assets.xcassets */; };
		CAF306072B99C1050086BC5C /* ImageViewURL.swift in Sources */ = {isa = PBXBuildFile; fileRef = CAF306062B99C1050086BC5C /* ImageViewURL.swift */; };
		CAF306092B99C6590086BC5C /* ValidatingAndDisablingForms.swift in Sources */ = {isa = PBXBuildFile; fileRef = CAF306082B99C6590086BC5C /* ValidatingAndDisablingForms.swift */; };
		CAF3060B2B99C8E40086BC5C /* AddingCodableConformanceToAnObservableClass.swift in Sources */ = {isa = PBXBuildFile; fileRef = CAF3060A2B99C8E40086BC5C /* AddingCodableConformanceToAnObservableClass.swift */; };
		CAF3060D2B99CB610086BC5C /* AddingHapticEffects.swift in Sources */ = {isa = PBXBuildFile; fileRef = CAF3060C2B99CB610086BC5C /* AddingHapticEffects.swift */; };
		CAF3060F2B99D1540086BC5C /* DataMusic.swift in Sources */ = {isa = PBXBuildFile; fileRef = CAF3060E2B99D1540086BC5C /* DataMusic.swift */; };
/* End PBXBuildFile section */

/* Begin PBXFileReference section */
		CAF305F52B99B7060086BC5C /* CupcakeCorner.app */ = {isa = PBXFileReference; explicitFileType = wrapper.application; includeInIndex = 0; path = CupcakeCorner.app; sourceTree = BUILT_PRODUCTS_DIR; };
		CAF305F82B99B7060086BC5C /* CupcakeCornerApp.swift */ = {isa = PBXFileReference; lastKnownFileType = sourcecode.swift; path = CupcakeCornerApp.swift; sourceTree = "<group>"; };
		CAF305FA2B99B7060086BC5C /* ContentView.swift */ = {isa = PBXFileReference; lastKnownFileType = sourcecode.swift; path = ContentView.swift; sourceTree = "<group>"; };
		CAF305FC2B99B7090086BC5C /* Assets.xcassets */ = {isa = PBXFileReference; lastKnownFileType = folder.assetcatalog; path = Assets.xcassets; sourceTree = "<group>"; };
		CAF305FF2B99B7090086BC5C /* Preview Assets.xcassets */ = {isa = PBXFileReference; lastKnownFileType = folder.assetcatalog; path = "Preview Assets.xcassets"; sourceTree = "<group>"; };
		CAF306062B99C1050086BC5C /* ImageViewURL.swift */ = {isa = PBXFileReference; lastKnownFileType = sourcecode.swift; path = ImageViewURL.swift; sourceTree = "<group>"; };
		CAF306082B99C6590086BC5C /* ValidatingAndDisablingForms.swift */ = {isa = PBXFileReference; lastKnownFileType = sourcecode.swift; path = ValidatingAndDisablingForms.swift; sourceTree = "<group>"; };
		CAF3060A2B99C8E40086BC5C /* AddingCodableConformanceToAnObservableClass.swift */ = {isa = PBXFileReference; lastKnownFileType = sourcecode.swift; path = AddingCodableConformanceToAnObservableClass.swift; sourceTree = "<group>"; };
		CAF3060C2B99CB610086BC5C /* AddingHapticEffects.swift */ = {isa = PBXFileReference; lastKnownFileType = sourcecode.swift; path = AddingHapticEffects.swift; sourceTree = "<group>"; };
		CAF3060E2B99D1540086BC5C /* DataMusic.swift */ = {isa = PBXFileReference; lastKnownFileType = sourcecode.swift; path = DataMusic.swift; sourceTree = "<group>"; };
/* End PBXFileReference section */

/* Begin PBXFrameworksBuildPhase section */
		CAF305F22B99B7060086BC5C /* Frameworks */ = {
			isa = PBXFrameworksBuildPhase;
			buildActionMask = 2147483647;
			files = (
			);
			runOnlyForDeploymentPostprocessing = 0;
		};
/* End PBXFrameworksBuildPhase section */

/* Begin PBXGroup section */
		CAF305EC2B99B7060086BC5C = {
			isa = PBXGroup;
			children = (
				CAF305F72B99B7060086BC5C /* CupcakeCorner */,
				CAF305F62B99B7060086BC5C /* Products */,
			);
			sourceTree = "<group>";
		};
		CAF305F62B99B7060086BC5C /* Products */ = {
			isa = PBXGroup;
			children = (
				CAF305F52B99B7060086BC5C /* CupcakeCorner.app */,
			);
			name = Products;
			sourceTree = "<group>";
		};
		CAF305F72B99B7060086BC5C /* CupcakeCorner */ = {
			isa = PBXGroup;
			children = (
				CAF305F82B99B7060086BC5C /* CupcakeCornerApp.swift */,
				CAF305FA2B99B7060086BC5C /* ContentView.swift */,
				CAF305FC2B99B7090086BC5C /* Assets.xcassets */,
				CAF305FE2B99B7090086BC5C /* Preview Content */,
				CAF3060E2B99D1540086BC5C /* DataMusic.swift */,
				CAF306062B99C1050086BC5C /* ImageViewURL.swift */,
				CAF306082B99C6590086BC5C /* ValidatingAndDisablingForms.swift */,
				CAF3060A2B99C8E40086BC5C /* AddingCodableConformanceToAnObservableClass.swift */,
				CAF3060C2B99CB610086BC5C /* AddingHapticEffects.swift */,
			);
			path = CupcakeCorner;
			sourceTree = "<group>";
		};
		CAF305FE2B99B7090086BC5C /* Preview Content */ = {
			isa = PBXGroup;
			children = (
				CAF305FF2B99B7090086BC5C /* Preview Assets.xcassets */,
			);
			path = "Preview Content";
			sourceTree = "<group>";
		};
/* End PBXGroup section */

/* Begin PBXNativeTarget section */
		CAF305F42B99B7060086BC5C /* CupcakeCorner */ = {
			isa = PBXNativeTarget;
			buildConfigurationList = CAF306032B99B7090086BC5C /* Build configuration list for PBXNativeTarget "CupcakeCorner" */;
			buildPhases = (
				CAF305F12B99B7060086BC5C /* Sources */,
				CAF305F22B99B7060086BC5C /* Frameworks */,
				CAF305F32B99B7060086BC5C /* Resources */,
			);
			buildRules = (
			);
			dependencies = (
			);
			name = CupcakeCorner;
			productName = CupcakeCorner;
			productReference = CAF305F52B99B7060086BC5C /* CupcakeCorner.app */;
			productType = "com.apple.product-type.application";
		};
/* End PBXNativeTarget section */

/* Begin PBXProject section */
		CAF305ED2B99B7060086BC5C /* Project object */ = {
			isa = PBXProject;
			attributes = {
				BuildIndependentTargetsInParallel = 1;
				LastSwiftUpdateCheck = 1530;
				LastUpgradeCheck = 1530;
				TargetAttributes = {
					CAF305F42B99B7060086BC5C = {
						CreatedOnToolsVersion = 15.3;
					};
				};
			};
			buildConfigurationList = CAF305F02B99B7060086BC5C /* Build configuration list for PBXProject "CupcakeCorner" */;
			compatibilityVersion = "Xcode 14.0";
			developmentRegion = en;
			hasScannedForEncodings = 0;
			knownRegions = (
				en,
				Base,
			);
			mainGroup = CAF305EC2B99B7060086BC5C;
			productRefGroup = CAF305F62B99B7060086BC5C /* Products */;
			projectDirPath = "";
			projectRoot = "";
			targets = (
				CAF305F42B99B7060086BC5C /* CupcakeCorner */,
			);
		};
/* End PBXProject section */

/* Begin PBXResourcesBuildPhase section */
		CAF305F32B99B7060086BC5C /* Resources */ = {
			isa = PBXResourcesBuildPhase;
			buildActionMask = 2147483647;
			files = (
				CAF306002B99B7090086BC5C /* Preview Assets.xcassets in Resources */,
				CAF305FD2B99B7090086BC5C /* Assets.xcassets in Resources */,
			);
			runOnlyForDeploymentPostprocessing = 0;
		};
/* End PBXResourcesBuildPhase section */

/* Begin PBXSourcesBuildPhase section */
		CAF305F12B99B7060086BC5C /* Sources */ = {
			isa = PBXSourcesBuildPhase;
			buildActionMask = 2147483647;
			files = (
				CAF3060B2B99C8E40086BC5C /* AddingCodableConformanceToAnObservableClass.swift in Sources */,
				CAF306072B99C1050086BC5C /* ImageViewURL.swift in Sources */,
				CAF3060D2B99CB610086BC5C /* AddingHapticEffects.swift in Sources */,
				CAF305FB2B99B7060086BC5C /* ContentView.swift in Sources */,
				CAF3060F2B99D1540086BC5C /* DataMusic.swift in Sources */,
				CAF306092B99C6590086BC5C /* ValidatingAndDisablingForms.swift in Sources */,
				CAF305F92B99B7060086BC5C /* CupcakeCornerApp.swift in Sources */,
			);
			runOnlyForDeploymentPostprocessing = 0;
		};
/* End PBXSourcesBuildPhase section */

/* Begin XCBuildConfiguration section */
		CAF306012B99B7090086BC5C /* Debug */ = {
			isa = XCBuildConfiguration;
			buildSettings = {
				ALWAYS_SEARCH_USER_PATHS = NO;
				ASSETCATALOG_COMPILER_GENERATE_SWIFT_ASSET_SYMBOL_EXTENSIONS = YES;
				CLANG_ANALYZER_NONNULL = YES;
				CLANG_ANALYZER_NUMBER_OBJECT_CONVERSION = YES_AGGRESSIVE;
				CLANG_CXX_LANGUAGE_STANDARD = "gnu++20";
				CLANG_ENABLE_MODULES = YES;
				CLANG_ENABLE_OBJC_ARC = YES;
				CLANG_ENABLE_OBJC_WEAK = YES;
				CLANG_WARN_BLOCK_CAPTURE_AUTORELEASING = YES;
				CLANG_WARN_BOOL_CONVERSION = YES;
				CLANG_WARN_COMMA = YES;
				CLANG_WARN_CONSTANT_CONVERSION = YES;
				CLANG_WARN_DEPRECATED_OBJC_IMPLEMENTATIONS = YES;
				CLANG_WARN_DIRECT_OBJC_ISA_USAGE = YES_ERROR;
				CLANG_WARN_DOCUMENTATION_COMMENTS = YES;
				CLANG_WARN_EMPTY_BODY = YES;
				CLANG_WARN_ENUM_CONVERSION = YES;
				CLANG_WARN_INFINITE_RECURSION = YES;
				CLANG_WARN_INT_CONVERSION = YES;
				CLANG_WARN_NON_LITERAL_NULL_CONVERSION = YES;
				CLANG_WARN_OBJC_IMPLICIT_RETAIN_SELF = YES;
				CLANG_WARN_OBJC_LITERAL_CONVERSION = YES;
				CLANG_WARN_OBJC_ROOT_CLASS = YES_ERROR;
				CLANG_WARN_QUOTED_INCLUDE_IN_FRAMEWORK_HEADER = YES;
				CLANG_WARN_RANGE_LOOP_ANALYSIS = YES;
				CLANG_WARN_STRICT_PROTOTYPES = YES;
				CLANG_WARN_SUSPICIOUS_MOVE = YES;
				CLANG_WARN_UNGUARDED_AVAILABILITY = YES_AGGRESSIVE;
				CLANG_WARN_UNREACHABLE_CODE = YES;
				CLANG_WARN__DUPLICATE_METHOD_MATCH = YES;
				COPY_PHASE_STRIP = NO;
				DEBUG_INFORMATION_FORMAT = dwarf;
				ENABLE_STRICT_OBJC_MSGSEND = YES;
				ENABLE_TESTABILITY = YES;
				ENABLE_USER_SCRIPT_SANDBOXING = YES;
				GCC_C_LANGUAGE_STANDARD = gnu17;
				GCC_DYNAMIC_NO_PIC = NO;
				GCC_NO_COMMON_BLOCKS = YES;
				GCC_OPTIMIZATION_LEVEL = 0;
				GCC_PREPROCESSOR_DEFINITIONS = (
					"DEBUG=1",
					"$(inherited)",
				);
				GCC_WARN_64_TO_32_BIT_CONVERSION = YES;
				GCC_WARN_ABOUT_RETURN_TYPE = YES_ERROR;
				GCC_WARN_UNDECLARED_SELECTOR = YES;
				GCC_WARN_UNINITIALIZED_AUTOS = YES_AGGRESSIVE;
				GCC_WARN_UNUSED_FUNCTION = YES;
				GCC_WARN_UNUSED_VARIABLE = YES;
				IPHONEOS_DEPLOYMENT_TARGET = 17.4;
				LOCALIZATION_PREFERS_STRING_CATALOGS = YES;
				MTL_ENABLE_DEBUG_INFO = INCLUDE_SOURCE;
				MTL_FAST_MATH = YES;
				ONLY_ACTIVE_ARCH = YES;
				SDKROOT = iphoneos;
				SWIFT_ACTIVE_COMPILATION_CONDITIONS = "DEBUG $(inherited)";
				SWIFT_OPTIMIZATION_LEVEL = "-Onone";
			};
			name = Debug;
		};
		CAF306022B99B7090086BC5C /* Release */ = {
			isa = XCBuildConfiguration;
			buildSettings = {
				ALWAYS_SEARCH_USER_PATHS = NO;
				ASSETCATALOG_COMPILER_GENERATE_SWIFT_ASSET_SYMBOL_EXTENSIONS = YES;
				CLANG_ANALYZER_NONNULL = YES;
				CLANG_ANALYZER_NUMBER_OBJECT_CONVERSION = YES_AGGRESSIVE;
				CLANG_CXX_LANGUAGE_STANDARD = "gnu++20";
				CLANG_ENABLE_MODULES = YES;
				CLANG_ENABLE_OBJC_ARC = YES;
				CLANG_ENABLE_OBJC_WEAK = YES;
				CLANG_WARN_BLOCK_CAPTURE_AUTORELEASING = YES;
				CLANG_WARN_BOOL_CONVERSION = YES;
				CLANG_WARN_COMMA = YES;
				CLANG_WARN_CONSTANT_CONVERSION = YES;
				CLANG_WARN_DEPRECATED_OBJC_IMPLEMENTATIONS = YES;
				CLANG_WARN_DIRECT_OBJC_ISA_USAGE = YES_ERROR;
				CLANG_WARN_DOCUMENTATION_COMMENTS = YES;
				CLANG_WARN_EMPTY_BODY = YES;
				CLANG_WARN_ENUM_CONVERSION = YES;
				CLANG_WARN_INFINITE_RECURSION = YES;
				CLANG_WARN_INT_CONVERSION = YES;
				CLANG_WARN_NON_LITERAL_NULL_CONVERSION = YES;
				CLANG_WARN_OBJC_IMPLICIT_RETAIN_SELF = YES;
				CLANG_WARN_OBJC_LITERAL_CONVERSION = YES;
				CLANG_WARN_OBJC_ROOT_CLASS = YES_ERROR;
				CLANG_WARN_QUOTED_INCLUDE_IN_FRAMEWORK_HEADER = YES;
				CLANG_WARN_RANGE_LOOP_ANALYSIS = YES;
				CLANG_WARN_STRICT_PROTOTYPES = YES;
				CLANG_WARN_SUSPICIOUS_MOVE = YES;
				CLANG_WARN_UNGUARDED_AVAILABILITY = YES_AGGRESSIVE;
				CLANG_WARN_UNREACHABLE_CODE = YES;
				CLANG_WARN__DUPLICATE_METHOD_MATCH = YES;
				COPY_PHASE_STRIP = NO;
				DEBUG_INFORMATION_FORMAT = "dwarf-with-dsym";
				ENABLE_NS_ASSERTIONS = NO;
				ENABLE_STRICT_OBJC_MSGSEND = YES;
				ENABLE_USER_SCRIPT_SANDBOXING = YES;
				GCC_C_LANGUAGE_STANDARD = gnu17;
				GCC_NO_COMMON_BLOCKS = YES;
				GCC_WARN_64_TO_32_BIT_CONVERSION = YES;
				GCC_WARN_ABOUT_RETURN_TYPE = YES_ERROR;
				GCC_WARN_UNDECLARED_SELECTOR = YES;
				GCC_WARN_UNINITIALIZED_AUTOS = YES_AGGRESSIVE;
				GCC_WARN_UNUSED_FUNCTION = YES;
				GCC_WARN_UNUSED_VARIABLE = YES;
				IPHONEOS_DEPLOYMENT_TARGET = 17.4;
				LOCALIZATION_PREFERS_STRING_CATALOGS = YES;
				MTL_ENABLE_DEBUG_INFO = NO;
				MTL_FAST_MATH = YES;
				SDKROOT = iphoneos;
				SWIFT_COMPILATION_MODE = wholemodule;
				VALIDATE_PRODUCT = YES;
			};
			name = Release;
		};
		CAF306042B99B7090086BC5C /* Debug */ = {
			isa = XCBuildConfiguration;
			buildSettings = {
				ASSETCATALOG_COMPILER_APPICON_NAME = AppIcon;
				ASSETCATALOG_COMPILER_GLOBAL_ACCENT_COLOR_NAME = AccentColor;
				CODE_SIGN_STYLE = Automatic;
				CURRENT_PROJECT_VERSION = 1;
				DEVELOPMENT_ASSET_PATHS = "\"CupcakeCorner/Preview Content\"";
				DEVELOPMENT_TEAM = VY6BU9F56X;
				ENABLE_PREVIEWS = YES;
				GENERATE_INFOPLIST_FILE = YES;
				INFOPLIST_KEY_UIApplicationSceneManifest_Generation = YES;
				INFOPLIST_KEY_UIApplicationSupportsIndirectInputEvents = YES;
				INFOPLIST_KEY_UILaunchScreen_Generation = YES;
				INFOPLIST_KEY_UISupportedInterfaceOrientations_iPad = "UIInterfaceOrientationPortrait UIInterfaceOrientationPortraitUpsideDown UIInterfaceOrientationLandscapeLeft UIInterfaceOrientationLandscapeRight";
				INFOPLIST_KEY_UISupportedInterfaceOrientations_iPhone = "UIInterfaceOrientationPortrait UIInterfaceOrientationLandscapeLeft UIInterfaceOrientationLandscapeRight";
				LD_RUNPATH_SEARCH_PATHS = (
					"$(inherited)",
					"@executable_path/Frameworks",
				);
				MARKETING_VERSION = 1.0;
				PRODUCT_BUNDLE_IDENTIFIER = "white-wolf.CupcakeCorner";
				PRODUCT_NAME = "$(TARGET_NAME)";
				SWIFT_EMIT_LOC_STRINGS = YES;
				SWIFT_VERSION = 5.0;
				TARGETED_DEVICE_FAMILY = "1,2";
			};
			name = Debug;
		};
		CAF306052B99B7090086BC5C /* Release */ = {
			isa = XCBuildConfiguration;
			buildSettings = {
				ASSETCATALOG_COMPILER_APPICON_NAME = AppIcon;
				ASSETCATALOG_COMPILER_GLOBAL_ACCENT_COLOR_NAME = AccentColor;
				CODE_SIGN_STYLE = Automatic;
				CURRENT_PROJECT_VERSION = 1;
				DEVELOPMENT_ASSET_PATHS = "\"CupcakeCorner/Preview Content\"";
				DEVELOPMENT_TEAM = VY6BU9F56X;
				ENABLE_PREVIEWS = YES;
				GENERATE_INFOPLIST_FILE = YES;
				INFOPLIST_KEY_UIApplicationSceneManifest_Generation = YES;
				INFOPLIST_KEY_UIApplicationSupportsIndirectInputEvents = YES;
				INFOPLIST_KEY_UILaunchScreen_Generation = YES;
				INFOPLIST_KEY_UISupportedInterfaceOrientations_iPad = "UIInterfaceOrientationPortrait UIInterfaceOrientationPortraitUpsideDown UIInterfaceOrientationLandscapeLeft UIInterfaceOrientationLandscapeRight";
				INFOPLIST_KEY_UISupportedInterfaceOrientations_iPhone = "UIInterfaceOrientationPortrait UIInterfaceOrientationLandscapeLeft UIInterfaceOrientationLandscapeRight";
				LD_RUNPATH_SEARCH_PATHS = (
					"$(inherited)",
					"@executable_path/Frameworks",
				);
				MARKETING_VERSION = 1.0;
				PRODUCT_BUNDLE_IDENTIFIER = "white-wolf.CupcakeCorner";
				PRODUCT_NAME = "$(TARGET_NAME)";
				SWIFT_EMIT_LOC_STRINGS = YES;
				SWIFT_VERSION = 5.0;
				TARGETED_DEVICE_FAMILY = "1,2";
			};
			name = Release;
		};
/* End XCBuildConfiguration section */

/* Begin XCConfigurationList section */
		CAF305F02B99B7060086BC5C /* Build configuration list for PBXProject "CupcakeCorner" */ = {
			isa = XCConfigurationList;
			buildConfigurations = (
				CAF306012B99B7090086BC5C /* Debug */,
				CAF306022B99B7090086BC5C /* Release */,
			);
			defaultConfigurationIsVisible = 0;
			defaultConfigurationName = Release;
		};
		CAF306032B99B7090086BC5C /* Build configuration list for PBXNativeTarget "CupcakeCorner" */ = {
			isa = XCConfigurationList;
			buildConfigurations = (
				CAF306042B99B7090086BC5C /* Debug */,
				CAF306052B99B7090086BC5C /* Release */,
			);
			defaultConfigurationIsVisible = 0;
			defaultConfigurationName = Release;
		};
/* End XCConfigurationList section */
	};
	rootObject = CAF305ED2B99B7060086BC5C /* Project object */;
}
